
Microsoft Visual Studio Solution File, Format Version 12.00
# Visual Studio Version 16
VisualStudioVersion = 16.0.29728.190
MinimumVisualStudioVersion = 10.0.40219.1
Project("{FAE04EC0-301F-11D3-BF4B-00C04F79EFBC}") = "BasicQueue", "BasicQueue\BasicQueue.csproj", "{C6D21D19-D9EC-410C-8E2C-DAFE1694A87A}"
EndProject
Global
	GlobalSection(SolutionConfigurationPlatforms) = preSolution
		Debug|Any CPU = Debug|Any CPU
		Release|Any CPU = Release|Any CPU
	EndGlobalSection
	GlobalSection(ProjectConfigurationPlatforms) = postSolution
		{C6D21D19-D9EC-410C-8E2C-DAFE1694A87A}.Debug|Any CPU.ActiveCfg = Debug|Any CPU
		{C6D21D19-D9EC-410C-8E2C-DAFE1694A87A}.Debug|Any CPU.Build.0 = Debug|Any CPU
		{C6D21D19-D9EC-410C-8E2C-DAFE1694A87A}.Release|Any CPU.ActiveCfg = Release|Any CPU
		{C6D21D19-D9EC-410C-8E2C-DAFE1694A87A}.Release|Any CPU.Build.0 = Release|Any CPU
	EndGlobalSection
	GlobalSection(SolutionProperties) = preSolution
		HideSolutionNode = FALSE
	EndGlobalSection
	GlobalSection(ExtensibilityGlobals) = postSolution
		SolutionGuid = {2CA37A85-FD14-4802-82C4-0FB5786C9CD8}
	EndGlobalSection
EndGlobal
